
Microsoft Visual Studio Solution File, Format Version 12.00
# Visual Studio Version 17
VisualStudioVersion = 17.9.34902.65
MinimumVisualStudioVersion = 10.0.40219.1
Project("{FAE04EC0-301F-11D3-BF4B-00C04F79EFBC}") = "Project_IB3.Droid", "Project_IB3\Project_IB3.Droid\Project_IB3.Droid.csproj", "{7A07C42A-BF47-4449-9AF6-E6B5AB4BE7A6}"
EndProject
Project("{FAE04EC0-301F-11D3-BF4B-00C04F79EFBC}") = "Project_IB3.iOS", "Project_IB3\Project_IB3.iOS\Project_IB3.iOS.csproj", "{E88B535B-E108-429F-840B-FA57E48FA806}"
EndProject
Project("{FAE04EC0-301F-11D3-BF4B-00C04F79EFBC}") = "Project_IB3.Mac", "Project_IB3\Project_IB3.Mac\Project_IB3.Mac.csproj", "{2619DC39-9BD3-4593-B3C2-53C5A0C8E9E5}"
EndProject
Project("{FAE04EC0-301F-11D3-BF4B-00C04F79EFBC}") = "Project_IB3.WinUI", "Project_IB3\Project_IB3.WinUI\Project_IB3.WinUI.csproj", "{FD7BDC23-30EA-46CF-B2F3-51752D44616E}"
EndProject
Global
	GlobalSection(SolutionConfigurationPlatforms) = preSolution
		Debug|Any CPU = Debug|Any CPU
		Debug|ARM64 = Debug|ARM64
		Debug|x64 = Debug|x64
		Debug|x86 = Debug|x86
		Release|Any CPU = Release|Any CPU
		Release|ARM64 = Release|ARM64
		Release|x64 = Release|x64
		Release|x86 = Release|x86
	EndGlobalSection
	GlobalSection(ProjectConfigurationPlatforms) = postSolution
		{7A07C42A-BF47-4449-9AF6-E6B5AB4BE7A6}.Debug|Any CPU.ActiveCfg = Debug|Any CPU
		{7A07C42A-BF47-4449-9AF6-E6B5AB4BE7A6}.Debug|Any CPU.Build.0 = Debug|Any CPU
		{7A07C42A-BF47-4449-9AF6-E6B5AB4BE7A6}.Debug|Any CPU.Deploy.0 = Debug|Any CPU
		{7A07C42A-BF47-4449-9AF6-E6B5AB4BE7A6}.Debug|ARM64.ActiveCfg = Debug|Any CPU
		{7A07C42A-BF47-4449-9AF6-E6B5AB4BE7A6}.Debug|ARM64.Build.0 = Debug|Any CPU
		{7A07C42A-BF47-4449-9AF6-E6B5AB4BE7A6}.Debug|ARM64.Deploy.0 = Debug|Any CPU
		{7A07C42A-BF47-4449-9AF6-E6B5AB4BE7A6}.Debug|x64.ActiveCfg = Debug|Any CPU
		{7A07C42A-BF47-4449-9AF6-E6B5AB4BE7A6}.Debug|x64.Build.0 = Debug|Any CPU
		{7A07C42A-BF47-4449-9AF6-E6B5AB4BE7A6}.Debug|x64.Deploy.0 = Debug|Any CPU
		{7A07C42A-BF47-4449-9AF6-E6B5AB4BE7A6}.Debug|x86.ActiveCfg = Debug|Any CPU
		{7A07C42A-BF47-4449-9AF6-E6B5AB4BE7A6}.Debug|x86.Build.0 = Debug|Any CPU
		{7A07C42A-BF47-4449-9AF6-E6B5AB4BE7A6}.Debug|x86.Deploy.0 = Debug|Any CPU
		{7A07C42A-BF47-4449-9AF6-E6B5AB4BE7A6}.Release|Any CPU.ActiveCfg = Release|Any CPU
		{7A07C42A-BF47-4449-9AF6-E6B5AB4BE7A6}.Release|Any CPU.Build.0 = Release|Any CPU
		{7A07C42A-BF47-4449-9AF6-E6B5AB4BE7A6}.Release|Any CPU.Deploy.0 = Release|Any CPU
		{7A07C42A-BF47-4449-9AF6-E6B5AB4BE7A6}.Release|ARM64.ActiveCfg = Release|Any CPU
		{7A07C42A-BF47-4449-9AF6-E6B5AB4BE7A6}.Release|ARM64.Build.0 = Release|Any CPU
		{7A07C42A-BF47-4449-9AF6-E6B5AB4BE7A6}.Release|ARM64.Deploy.0 = Release|Any CPU
		{7A07C42A-BF47-4449-9AF6-E6B5AB4BE7A6}.Release|x64.ActiveCfg = Release|Any CPU
		{7A07C42A-BF47-4449-9AF6-E6B5AB4BE7A6}.Release|x64.Build.0 = Release|Any CPU
		{7A07C42A-BF47-4449-9AF6-E6B5AB4BE7A6}.Release|x64.Deploy.0 = Release|Any CPU
		{7A07C42A-BF47-4449-9AF6-E6B5AB4BE7A6}.Release|x86.ActiveCfg = Release|Any CPU
		{7A07C42A-BF47-4449-9AF6-E6B5AB4BE7A6}.Release|x86.Build.0 = Release|Any CPU
		{7A07C42A-BF47-4449-9AF6-E6B5AB4BE7A6}.Release|x86.Deploy.0 = Release|Any CPU
		{E88B535B-E108-429F-840B-FA57E48FA806}.Debug|Any CPU.ActiveCfg = Debug|Any CPU
		{E88B535B-E108-429F-840B-FA57E48FA806}.Debug|Any CPU.Build.0 = Debug|Any CPU
		{E88B535B-E108-429F-840B-FA57E48FA806}.Debug|Any CPU.Deploy.0 = Debug|Any CPU
		{E88B535B-E108-429F-840B-FA57E48FA806}.Debug|ARM64.ActiveCfg = Debug|Any CPU
		{E88B535B-E108-429F-840B-FA57E48FA806}.Debug|ARM64.Build.0 = Debug|Any CPU
		{E88B535B-E108-429F-840B-FA57E48FA806}.Debug|ARM64.Deploy.0 = Debug|Any CPU
		{E88B535B-E108-429F-840B-FA57E48FA806}.Debug|x64.ActiveCfg = Debug|Any CPU
		{E88B535B-E108-429F-840B-FA57E48FA806}.Debug|x64.Build.0 = Debug|Any CPU
		{E88B535B-E108-429F-840B-FA57E48FA806}.Debug|x64.Deploy.0 = Debug|Any CPU
		{E88B535B-E108-429F-840B-FA57E48FA806}.Debug|x86.ActiveCfg = Debug|Any CPU
		{E88B535B-E108-429F-840B-FA57E48FA806}.Debug|x86.Build.0 = Debug|Any CPU
		{E88B535B-E108-429F-840B-FA57E48FA806}.Debug|x86.Deploy.0 = Debug|Any CPU
		{E88B535B-E108-429F-840B-FA57E48FA806}.Release|Any CPU.ActiveCfg = Release|Any CPU
		{E88B535B-E108-429F-840B-FA57E48FA806}.Release|Any CPU.Build.0 = Release|Any CPU
		{E88B535B-E108-429F-840B-FA57E48FA806}.Release|Any CPU.Deploy.0 = Release|Any CPU
		{E88B535B-E108-429F-840B-FA57E48FA806}.Release|ARM64.ActiveCfg = Release|Any CPU
		{E88B535B-E108-429F-840B-FA57E48FA806}.Release|ARM64.Build.0 = Release|Any CPU
		{E88B535B-E108-429F-840B-FA57E48FA806}.Release|ARM64.Deploy.0 = Release|Any CPU
		{E88B535B-E108-429F-840B-FA57E48FA806}.Release|x64.ActiveCfg = Release|Any CPU
		{E88B535B-E108-429F-840B-FA57E48FA806}.Release|x64.Build.0 = Release|Any CPU
		{E88B535B-E108-429F-840B-FA57E48FA806}.Release|x64.Deploy.0 = Release|Any CPU
		{E88B535B-E108-429F-840B-FA57E48FA806}.Release|x86.ActiveCfg = Release|Any CPU
		{E88B535B-E108-429F-840B-FA57E48FA806}.Release|x86.Build.0 = Release|Any CPU
		{E88B535B-E108-429F-840B-FA57E48FA806}.Release|x86.Deploy.0 = Release|Any CPU
		{2619DC39-9BD3-4593-B3C2-53C5A0C8E9E5}.Debug|Any CPU.ActiveCfg = Debug|Any CPU
		{2619DC39-9BD3-4593-B3C2-53C5A0C8E9E5}.Debug|Any CPU.Build.0 = Debug|Any CPU
		{2619DC39-9BD3-4593-B3C2-53C5A0C8E9E5}.Debug|Any CPU.Deploy.0 = Debug|Any CPU
		{2619DC39-9BD3-4593-B3C2-53C5A0C8E9E5}.Debug|ARM64.ActiveCfg = Debug|Any CPU
		{2619DC39-9BD3-4593-B3C2-53C5A0C8E9E5}.Debug|ARM64.Build.0 = Debug|Any CPU
		{2619DC39-9BD3-4593-B3C2-53C5A0C8E9E5}.Debug|ARM64.Deploy.0 = Debug|Any CPU
		{2619DC39-9BD3-4593-B3C2-53C5A0C8E9E5}.Debug|x64.ActiveCfg = Debug|Any CPU
		{2619DC39-9BD3-4593-B3C2-53C5A0C8E9E5}.Debug|x64.Build.0 = Debug|Any CPU
		{2619DC39-9BD3-4593-B3C2-53C5A0C8E9E5}.Debug|x64.Deploy.0 = Debug|Any CPU
		{2619DC39-9BD3-4593-B3C2-53C5A0C8E9E5}.Debug|x86.ActiveCfg = Debug|Any CPU
		{2619DC39-9BD3-4593-B3C2-53C5A0C8E9E5}.Debug|x86.Build.0 = Debug|Any CPU
		{2619DC39-9BD3-4593-B3C2-53C5A0C8E9E5}.Debug|x86.Deploy.0 = Debug|Any CPU
		{2619DC39-9BD3-4593-B3C2-53C5A0C8E9E5}.Release|Any CPU.ActiveCfg = Release|Any CPU
		{2619DC39-9BD3-4593-B3C2-53C5A0C8E9E5}.Release|Any CPU.Build.0 = Release|Any CPU
		{2619DC39-9BD3-4593-B3C2-53C5A0C8E9E5}.Release|Any CPU.Deploy.0 = Release|Any CPU
		{2619DC39-9BD3-4593-B3C2-53C5A0C8E9E5}.Release|ARM64.ActiveCfg = Release|Any CPU
		{2619DC39-9BD3-4593-B3C2-53C5A0C8E9E5}.Release|ARM64.Build.0 = Release|Any CPU
		{2619DC39-9BD3-4593-B3C2-53C5A0C8E9E5}.Release|ARM64.Deploy.0 = Release|Any CPU
		{2619DC39-9BD3-4593-B3C2-53C5A0C8E9E5}.Release|x64.ActiveCfg = Release|Any CPU
		{2619DC39-9BD3-4593-B3C2-53C5A0C8E9E5}.Release|x64.Build.0 = Release|Any CPU
		{2619DC39-9BD3-4593-B3C2-53C5A0C8E9E5}.Release|x64.Deploy.0 = Release|Any CPU
		{2619DC39-9BD3-4593-B3C2-53C5A0C8E9E5}.Release|x86.ActiveCfg = Release|Any CPU
		{2619DC39-9BD3-4593-B3C2-53C5A0C8E9E5}.Release|x86.Build.0 = Release|Any CPU
		{2619DC39-9BD3-4593-B3C2-53C5A0C8E9E5}.Release|x86.Deploy.0 = Release|Any CPU
		{FD7BDC23-30EA-46CF-B2F3-51752D44616E}.Debug|Any CPU.ActiveCfg = Debug|x64
		{FD7BDC23-30EA-46CF-B2F3-51752D44616E}.Debug|Any CPU.Build.0 = Debug|x64
		{FD7BDC23-30EA-46CF-B2F3-51752D44616E}.Debug|Any CPU.Deploy.0 = Debug|x64
		{FD7BDC23-30EA-46CF-B2F3-51752D44616E}.Debug|ARM64.ActiveCfg = Debug|ARM64
		{FD7BDC23-30EA-46CF-B2F3-51752D44616E}.Debug|ARM64.Build.0 = Debug|ARM64
		{FD7BDC23-30EA-46CF-B2F3-51752D44616E}.Debug|ARM64.Deploy.0 = Debug|ARM64
		{FD7BDC23-30EA-46CF-B2F3-51752D44616E}.Debug|x64.ActiveCfg = Debug|x64
		{FD7BDC23-30EA-46CF-B2F3-51752D44616E}.Debug|x64.Build.0 = Debug|x64
		{FD7BDC23-30EA-46CF-B2F3-51752D44616E}.Debug|x64.Deploy.0 = Debug|x64
		{FD7BDC23-30EA-46CF-B2F3-51752D44616E}.Debug|x86.ActiveCfg = Debug|x86
		{FD7BDC23-30EA-46CF-B2F3-51752D44616E}.Debug|x86.Build.0 = Debug|x86
		{FD7BDC23-30EA-46CF-B2F3-51752D44616E}.Debug|x86.Deploy.0 = Debug|x86
		{FD7BDC23-30EA-46CF-B2F3-51752D44616E}.Release|Any CPU.ActiveCfg = Release|x64
		{FD7BDC23-30EA-46CF-B2F3-51752D44616E}.Release|Any CPU.Build.0 = Release|x64
		{FD7BDC23-30EA-46CF-B2F3-51752D44616E}.Release|Any CPU.Deploy.0 = Release|x64
		{FD7BDC23-30EA-46CF-B2F3-51752D44616E}.Release|ARM64.ActiveCfg = Release|ARM64
		{FD7BDC23-30EA-46CF-B2F3-51752D44616E}.Release|ARM64.Build.0 = Release|ARM64
		{FD7BDC23-30EA-46CF-B2F3-51752D44616E}.Release|ARM64.Deploy.0 = Release|ARM64
		{FD7BDC23-30EA-46CF-B2F3-51752D44616E}.Release|x64.ActiveCfg = Release|x64
		{FD7BDC23-30EA-46CF-B2F3-51752D44616E}.Release|x64.Build.0 = Release|x64
		{FD7BDC23-30EA-46CF-B2F3-51752D44616E}.Release|x64.Deploy.0 = Release|x64
		{FD7BDC23-30EA-46CF-B2F3-51752D44616E}.Release|x86.ActiveCfg = Release|x86
		{FD7BDC23-30EA-46CF-B2F3-51752D44616E}.Release|x86.Build.0 = Release|x86
		{FD7BDC23-30EA-46CF-B2F3-51752D44616E}.Release|x86.Deploy.0 = Release|x86
	EndGlobalSection
	GlobalSection(SolutionProperties) = preSolution
		HideSolutionNode = FALSE
	EndGlobalSection
	GlobalSection(ExtensibilityGlobals) = postSolution
		SolutionGuid = {8DD71811-ED0E-4C7B-9AB6-E3E03A54C3D5}
	EndGlobalSection
EndGlobal
